
Microsoft Visual Studio Solution File, Format Version 12.00
# Visual Studio Version 17
VisualStudioVersion = 17.6.33712.159
MinimumVisualStudioVersion = 10.0.40219.1
Project("{FAE04EC0-301F-11D3-BF4B-00C04F79EFBC}") = "LadyParty.WinForms", "LadyParty.WinForms\LadyParty.WinForms.csproj", "{494F557F-94AE-48D9-91A3-D796A409520C}"
EndProject
Global
	GlobalSection(SolutionConfigurationPlatforms) = preSolution
		Debug|Any CPU = Debug|Any CPU
		Release|Any CPU = Release|Any CPU
	EndGlobalSection
	GlobalSection(ProjectConfigurationPlatforms) = postSolution
		{494F557F-94AE-48D9-91A3-D796A409520C}.Debug|Any CPU.ActiveCfg = Debug|Any CPU
		{494F557F-94AE-48D9-91A3-D796A409520C}.Debug|Any CPU.Build.0 = Debug|Any CPU
		{494F557F-94AE-48D9-91A3-D796A409520C}.Release|Any CPU.ActiveCfg = Release|Any CPU
		{494F557F-94AE-48D9-91A3-D796A409520C}.Release|Any CPU.Build.0 = Release|Any CPU
	EndGlobalSection
	GlobalSection(SolutionProperties) = preSolution
		HideSolutionNode = FALSE
	EndGlobalSection
	GlobalSection(ExtensibilityGlobals) = postSolution
		SolutionGuid = {76305AA6-5239-4525-BF99-951019976DEE}
	EndGlobalSection
EndGlobal
